# generated by rye
# use `rye lock` or `rye sync` to update this lockfile
#
# last locked with the following flags:
#   pre: false
#   features: []
#   all-features: false
#   with-sources: false

-e file:.
annotated-types==0.6.0
    # via pydantic
beautiful-date==2.3.0
    # via gcsa
cachetools==5.3.3
    # via google-auth
certifi==2024.2.2
    # via requests
charset-normalizer==3.3.2
    # via requests
click==8.1.7
    # via typer
coloredlogs==15.0.1
    # via rescuetime-to-gcal
exceptiongroup==1.2.1
    # via pytest
gcsa==2.2.0
    # via rescuetime-to-gcal
google-api-core==2.19.0
    # via google-api-python-client
google-api-python-client==2.127.0
    # via gcsa
google-auth==2.29.0
    # via google-api-core
    # via google-api-python-client
    # via google-auth-httplib2
    # via google-auth-oauthlib
google-auth-httplib2==0.2.0
    # via gcsa
    # via google-api-python-client
google-auth-oauthlib==0.8.0
    # via gcsa
googleapis-common-protos==1.63.0
    # via google-api-core
httplib2==0.22.0
    # via google-api-python-client
    # via google-auth-httplib2
humanfriendly==10.0
    # via coloredlogs
idna==3.7
    # via requests
iniconfig==2.0.0
    # via pytest
iterpy==1.9.0
    # via rescuetime-to-gcal
markdown-it-py==3.0.0
    # via rich
mdurl==0.1.2
    # via markdown-it-py
oauthlib==3.2.2
    # via requests-oauthlib
packaging==24.0
    # via pytest
pluggy==1.5.0
    # via pytest
proto-plus==1.23.0
    # via google-api-core
protobuf==4.25.3
    # via google-api-core
    # via googleapis-common-protos
    # via proto-plus
pyasn1==0.6.0
    # via pyasn1-modules
    # via rsa
pyasn1-modules==0.4.0
    # via google-auth
pydantic==2.7.1
    # via rescuetime-to-gcal
pydantic-core==2.18.2
    # via pydantic
pygments==2.18.0
    # via rich
pyparsing==3.1.2
    # via httplib2
pytest==8.2.0
python-dateutil==2.9.0.post0
    # via beautiful-date
    # via gcsa
pytz-deprecation-shim==0.1.0.post0
    # via tzlocal
requests==2.31.0
    # via google-api-core
    # via requests-oauthlib
requests-oauthlib==2.0.0
    # via google-auth-oauthlib
rich==13.7.1
    # via typer
rsa==4.9
    # via google-auth
shellingham==1.5.4
    # via typer
six==1.16.0
    # via python-dateutil
tomli==2.0.1
    # via pytest
typer==0.12.3
    # via rescuetime-to-gcal
typing-extensions==4.11.0
    # via pydantic
    # via pydantic-core
    # via typer
tzdata==2024.1
    # via pytz-deprecation-shim
tzlocal==4.3.1
    # via gcsa
uritemplate==4.1.1
    # via google-api-python-client
urllib3==2.2.1
    # via requests
